
Microsoft Visual Studio Solution File, Format Version 12.00
# Visual Studio 2012
Project("{FAE04EC0-301F-11D3-BF4B-00C04F79EFBC}") = "VVPosM1", "VVPosM1\VVPosM1.csproj", "{E99705BE-3A72-47AC-9E64-EC8FE9640FEB}"
EndProject
Project("{6141683F-8A12-4E36-9623-2EB02B2C2303}") = "VVPosM1Installer", "VVPosM1Installer\VVPosM1Installer.isproj", "{000D9CAC-311C-4B8D-8776-809F0A79C3DA}"
	ProjectSection(ProjectDependencies) = postProject
		{E99705BE-3A72-47AC-9E64-EC8FE9640FEB} = {E99705BE-3A72-47AC-9E64-EC8FE9640FEB}
	EndProjectSection
EndProject
Global
	GlobalSection(SolutionConfigurationPlatforms) = preSolution
		CD_ROM|Any CPU = CD_ROM|Any CPU
		Debug|Any CPU = Debug|Any CPU
		DVD-5|Any CPU = DVD-5|Any CPU
		Release|Any CPU = Release|Any CPU
		SingleImage|Any CPU = SingleImage|Any CPU
	EndGlobalSection
	GlobalSection(ProjectConfigurationPlatforms) = postSolution
		{E99705BE-3A72-47AC-9E64-EC8FE9640FEB}.CD_ROM|Any CPU.ActiveCfg = Release|Any CPU
		{E99705BE-3A72-47AC-9E64-EC8FE9640FEB}.CD_ROM|Any CPU.Build.0 = Release|Any CPU
		{E99705BE-3A72-47AC-9E64-EC8FE9640FEB}.Debug|Any CPU.ActiveCfg = Debug|Any CPU
		{E99705BE-3A72-47AC-9E64-EC8FE9640FEB}.Debug|Any CPU.Build.0 = Debug|Any CPU
		{E99705BE-3A72-47AC-9E64-EC8FE9640FEB}.DVD-5|Any CPU.ActiveCfg = Debug|Any CPU
		{E99705BE-3A72-47AC-9E64-EC8FE9640FEB}.DVD-5|Any CPU.Build.0 = Debug|Any CPU
		{E99705BE-3A72-47AC-9E64-EC8FE9640FEB}.Release|Any CPU.ActiveCfg = Release|Any CPU
		{E99705BE-3A72-47AC-9E64-EC8FE9640FEB}.Release|Any CPU.Build.0 = Release|Any CPU
		{E99705BE-3A72-47AC-9E64-EC8FE9640FEB}.SingleImage|Any CPU.ActiveCfg = Release|Any CPU
		{E99705BE-3A72-47AC-9E64-EC8FE9640FEB}.SingleImage|Any CPU.Build.0 = Release|Any CPU
		{000D9CAC-311C-4B8D-8776-809F0A79C3DA}.CD_ROM|Any CPU.ActiveCfg = CD_ROM
		{000D9CAC-311C-4B8D-8776-809F0A79C3DA}.CD_ROM|Any CPU.Build.0 = CD_ROM
		{000D9CAC-311C-4B8D-8776-809F0A79C3DA}.Debug|Any CPU.ActiveCfg = DVD-5
		{000D9CAC-311C-4B8D-8776-809F0A79C3DA}.Debug|Any CPU.Build.0 = DVD-5
		{000D9CAC-311C-4B8D-8776-809F0A79C3DA}.DVD-5|Any CPU.ActiveCfg = DVD-5
		{000D9CAC-311C-4B8D-8776-809F0A79C3DA}.DVD-5|Any CPU.Build.0 = DVD-5
		{000D9CAC-311C-4B8D-8776-809F0A79C3DA}.Release|Any CPU.ActiveCfg = SingleImage
		{000D9CAC-311C-4B8D-8776-809F0A79C3DA}.Release|Any CPU.Build.0 = SingleImage
		{000D9CAC-311C-4B8D-8776-809F0A79C3DA}.SingleImage|Any CPU.ActiveCfg = SingleImage
		{000D9CAC-311C-4B8D-8776-809F0A79C3DA}.SingleImage|Any CPU.Build.0 = SingleImage
	EndGlobalSection
	GlobalSection(SolutionProperties) = preSolution
		HideSolutionNode = FALSE
	EndGlobalSection
EndGlobal
